Microsoft Visual Studio Solution File, Format Version 12.00
# Visual Studio Version 17
VisualStudioVersion = 17.5.2.0
MinimumVisualStudioVersion = 10.0.40219.1
Project("{FAE04EC0-301F-11D3-BF4B-00C04F79EFBC}") = "dot_net_api", "dot_net_api.csproj", "{A699691E-D8C5-2447-2FF2-2915EDC79EEC}"
EndProject
Global
	GlobalSection(SolutionConfigurationPlatforms) = preSolution
		Debug|Any CPU = Debug|Any CPU
		Release|Any CPU = Release|Any CPU
	EndGlobalSection
	GlobalSection(ProjectConfigurationPlatforms) = postSolution
		{A699691E-D8C5-2447-2FF2-2915EDC79EEC}.Debug|Any CPU.ActiveCfg = Debug|Any CPU
		{A699691E-D8C5-2447-2FF2-2915EDC79EEC}.Debug|Any CPU.Build.0 = Debug|Any CPU
		{A699691E-D8C5-2447-2FF2-2915EDC79EEC}.Release|Any CPU.ActiveCfg = Release|Any CPU
		{A699691E-D8C5-2447-2FF2-2915EDC79EEC}.Release|Any CPU.Build.0 = Release|Any CPU
	EndGlobalSection
	GlobalSection(SolutionProperties) = preSolution
		HideSolutionNode = FALSE
	EndGlobalSection
	GlobalSection(ExtensibilityGlobals) = postSolution
		SolutionGuid = {4E4425D8-B804-4656-9310-549F1F986A03}
	EndGlobalSection
EndGlobal
